{
  "version": 4,
  "terraform_version": "1.3.7",
  "serial": 5,
  "lineage": "9b9acf37-bbae-c1a6-4262-2d383cef2d8f",
  "outputs": {
    "app_url": {
      "value": "mywebapp-php.azurewebsites.net",
      "type": "string"
    }
  },
  "resources": [
    {
      "mode": "managed",
      "type": "azurerm_app_service_source_control",
      "name": "source_control",
      "provider": "provider[\"registry.terraform.io/hashicorp/azurerm\"]",
      "instances": [
        {
          "schema_version": 0,
          "attributes": {
            "app_id": "/subscriptions/b56cb29a-c6da-4eca-9096-087539f2b7ac/resourceGroups/rg-webapp/providers/Microsoft.Web/sites/mywebapp-php",
            "branch": "master",
            "github_action_configuration": [],
            "id": "/subscriptions/b56cb29a-c6da-4eca-9096-087539f2b7ac/resourceGroups/rg-webapp/providers/Microsoft.Web/sites/mywebapp-php",
            "repo_url": "https://github.com/gvndverma787/simple-php-website",
            "rollback_enabled": false,
            "scm_type": "GitHub",
            "timeouts": null,
            "use_local_git": false,
            "use_manual_integration": false,
            "use_mercurial": false,
            "uses_github_action": false
          },
          "sensitive_attributes": [],
          "private": "eyJlMmJmYjczMC1lY2FhLTExZTYtOGY4OC0zNDM2M2JjN2M0YzAiOnsiY3JlYXRlIjoxODAwMDAwMDAwMDAwLCJkZWxldGUiOjE4MDAwMDAwMDAwMDAsInJlYWQiOjMwMDAwMDAwMDAwMH19",
          "dependencies": [
            "azurerm_linux_web_app.mywebapp-php",
            "azurerm_resource_group.rg-webapp",
            "azurerm_service_plan.mywebappplan-4302"
          ]
        }
      ]
    },
    {
      "mode": "managed",
      "type": "azurerm_linux_web_app",
      "name": "mywebapp-php",
      "provider": "provider[\"registry.terraform.io/hashicorp/azurerm\"]",
      "instances": [
        {
          "schema_version": 0,
          "attributes": {
            "app_settings": null,
            "auth_settings": [
              {
                "active_directory": [],
                "additional_login_parameters": {},
                "allowed_external_redirect_urls": [],
                "default_provider": "",
                "enabled": false,
                "facebook": [],
                "github": [],
                "google": [],
                "issuer": "",
                "microsoft": [],
                "runtime_version": "",
                "token_refresh_extension_hours": 0,
                "token_store_enabled": false,
                "twitter": [],
                "unauthenticated_client_action": ""
              }
            ],
            "backup": [],
            "client_affinity_enabled": false,
            "client_certificate_enabled": false,
            "client_certificate_exclusion_paths": "",
            "client_certificate_mode": "Required",
            "connection_string": [],
            "custom_domain_verification_id": "5F11ADE2806C8F7CD960B201C8173CC2F8A98C6016E41227DF3D020A46414851",
            "default_hostname": "mywebapp-php.azurewebsites.net",
            "enabled": true,
            "https_only": false,
            "id": "/subscriptions/b56cb29a-c6da-4eca-9096-087539f2b7ac/resourceGroups/rg-webapp/providers/Microsoft.Web/sites/mywebapp-php",
            "identity": [],
            "key_vault_reference_identity_id": "SystemAssigned",
            "kind": "app,linux",
            "location": "eastus",
            "logs": [],
            "name": "mywebapp-php",
            "outbound_ip_address_list": [
              "20.231.250.161",
              "20.231.250.193",
              "20.231.250.219",
              "20.231.250.227",
              "20.231.250.241",
              "20.231.252.97",
              "20.119.8.33"
            ],
            "outbound_ip_addresses": "20.231.250.161,20.231.250.193,20.231.250.219,20.231.250.227,20.231.250.241,20.231.252.97,20.119.8.33",
            "possible_outbound_ip_address_list": [
              "20.231.250.161",
              "20.231.250.193",
              "20.231.250.219",
              "20.231.250.227",
              "20.231.250.241",
              "20.231.252.97",
              "20.231.252.142",
              "20.231.252.240",
              "20.231.253.11",
              "20.231.253.66",
              "20.231.253.102",
              "20.231.253.195",
              "20.231.254.13",
              "20.231.254.16",
              "20.231.254.23",
              "20.231.254.62",
              "20.231.254.64",
              "20.231.254.80",
              "20.231.254.87",
              "20.231.254.98",
              "20.231.254.115",
              "20.231.254.134",
              "20.231.254.139",
              "20.231.254.159",
              "20.119.8.33"
            ],
            "possible_outbound_ip_addresses": "20.231.250.161,20.231.250.193,20.231.250.219,20.231.250.227,20.231.250.241,20.231.252.97,20.231.252.142,20.231.252.240,20.231.253.11,20.231.253.66,20.231.253.102,20.231.253.195,20.231.254.13,20.231.254.16,20.231.254.23,20.231.254.62,20.231.254.64,20.231.254.80,20.231.254.87,20.231.254.98,20.231.254.115,20.231.254.134,20.231.254.139,20.231.254.159,20.119.8.33",
            "resource_group_name": "rg-webapp",
            "service_plan_id": "/subscriptions/b56cb29a-c6da-4eca-9096-087539f2b7ac/resourceGroups/rg-webapp/providers/Microsoft.Web/serverfarms/mywebappplan-4302",
            "site_config": [
              {
                "always_on": true,
                "api_definition_url": "",
                "api_management_api_id": "",
                "app_command_line": "",
                "application_stack": [
                  {
                    "docker_image": "",
                    "docker_image_tag": "",
                    "dotnet_version": "",
                    "go_version": "",
                    "java_server": "",
                    "java_server_version": "",
                    "java_version": "",
                    "node_version": "",
                    "php_version": "8.0",
                    "python_version": "",
                    "ruby_version": ""
                  }
                ],
                "auto_heal_enabled": false,
                "auto_heal_setting": [],
                "container_registry_managed_identity_client_id": "",
                "container_registry_use_managed_identity": false,
                "cors": [],
                "default_documents": [
                  "Default.htm",
                  "Default.html",
                  "Default.asp",
                  "index.htm",
                  "index.html",
                  "iisstart.htm",
                  "default.aspx",
                  "index.php",
                  "hostingstart.html"
                ],
                "detailed_error_logging_enabled": false,
                "ftps_state": "Disabled",
                "health_check_eviction_time_in_min": 0,
                "health_check_path": "",
                "http2_enabled": false,
                "ip_restriction": [],
                "linux_fx_version": "PHP|8.0",
                "load_balancing_mode": "LeastRequests",
                "local_mysql_enabled": false,
                "managed_pipeline_mode": "Integrated",
                "minimum_tls_version": "1.2",
                "remote_debugging_enabled": false,
                "remote_debugging_version": "VS2019",
                "scm_ip_restriction": [],
                "scm_minimum_tls_version": "1.2",
                "scm_type": "None",
                "scm_use_main_ip_restriction": false,
                "use_32_bit_worker": true,
                "vnet_route_all_enabled": false,
                "websockets_enabled": false,
                "worker_count": 1
              }
            ],
            "site_credential": [
              {
                "name": "$mywebapp-php",
                "password": "C0Y7f7GGCsYj4iHxeTkLaoplscsWqJ0J9lC7z2vw688w6JlELHHqQRReWxro"
              }
            ],
            "sticky_settings": [],
            "storage_account": [],
            "tags": null,
            "timeouts": null,
            "virtual_network_subnet_id": "",
            "zip_deploy_file": ""
          },
          "sensitive_attributes": [],
          "private": "eyJlMmJmYjczMC1lY2FhLTExZTYtOGY4OC0zNDM2M2JjN2M0YzAiOnsiY3JlYXRlIjoxODAwMDAwMDAwMDAwLCJkZWxldGUiOjE4MDAwMDAwMDAwMDAsInJlYWQiOjMwMDAwMDAwMDAwMCwidXBkYXRlIjoxODAwMDAwMDAwMDAwfX0=",
          "dependencies": [
            "azurerm_resource_group.rg-webapp",
            "azurerm_service_plan.mywebappplan-4302"
          ]
        }
      ]
    },
    {
      "mode": "managed",
      "type": "azurerm_resource_group",
      "name": "rg-webapp",
      "provider": "provider[\"registry.terraform.io/hashicorp/azurerm\"]",
      "instances": [
        {
          "schema_version": 0,
          "attributes": {
            "id": "/subscriptions/b56cb29a-c6da-4eca-9096-087539f2b7ac/resourceGroups/rg-webapp",
            "location": "eastus",
            "name": "rg-webapp",
            "tags": null,
            "timeouts": null
          },
          "sensitive_attributes": [],
          "private": "eyJlMmJmYjczMC1lY2FhLTExZTYtOGY4OC0zNDM2M2JjN2M0YzAiOnsiY3JlYXRlIjo1NDAwMDAwMDAwMDAwLCJkZWxldGUiOjU0MDAwMDAwMDAwMDAsInJlYWQiOjMwMDAwMDAwMDAwMCwidXBkYXRlIjo1NDAwMDAwMDAwMDAwfX0="
        }
      ]
    },
    {
      "mode": "managed",
      "type": "azurerm_service_plan",
      "name": "mywebappplan-4302",
      "provider": "provider[\"registry.terraform.io/hashicorp/azurerm\"]",
      "instances": [
        {
          "schema_version": 0,
          "attributes": {
            "app_service_environment_id": "",
            "id": "/subscriptions/b56cb29a-c6da-4eca-9096-087539f2b7ac/resourceGroups/rg-webapp/providers/Microsoft.Web/serverfarms/mywebappplan-4302",
            "kind": "linux",
            "location": "eastus",
            "maximum_elastic_worker_count": 1,
            "name": "mywebappplan-4302",
            "os_type": "Linux",
            "per_site_scaling_enabled": false,
            "reserved": true,
            "resource_group_name": "rg-webapp",
            "sku_name": "S1",
            "tags": null,
            "timeouts": null,
            "worker_count": 1,
            "zone_balancing_enabled": false
          },
          "sensitive_attributes": [],
          "private": "eyJlMmJmYjczMC1lY2FhLTExZTYtOGY4OC0zNDM2M2JjN2M0YzAiOnsiY3JlYXRlIjozNjAwMDAwMDAwMDAwLCJkZWxldGUiOjM2MDAwMDAwMDAwMDAsInJlYWQiOjMwMDAwMDAwMDAwMCwidXBkYXRlIjozNjAwMDAwMDAwMDAwfX0=",
          "dependencies": [
            "azurerm_resource_group.rg-webapp"
          ]
        }
      ]
    }
  ],
  "check_results": null
}
